<?xml version="1.0" encoding="UTF-8" standalone="yes" ?>
<CodeBlocks_project_file>
	<FileVersion major="1" minor="6" />
	<Project>
		<Option title="uGE" />
		<Option pch_mode="2" />
		<Option compiler="gcc" />
		<Build>
			<Target title="Debug">
				<Option output="bin/Debug/uGE2" prefix_auto="1" extension_auto="1" />
				<Option object_output="obj/Debug/" />
				<Option type="1" />
				<Option compiler="gcc" />
				<Option use_console_runner="0" />
				<Compiler>
					<Add option="-Wunreachable-code" />
					<Add option="-std=c++11" />
					<Add option="-Wall" />
					<Add option="-g" />
					<Add option="-DDEBUG" />
					<Add directory="uGE" />
					<Add directory="uGE/Utils" />
					<Add directory="uGE/" />
					<Add directory="uGE/Managers" />
					<Add directory="uGE/GL" />
					<Add directory="uGE/Colliders" />
					<Add directory="uGE/Controllers" />
				</Compiler>
			</Target>
			<Target title="Release">
				<Option output="bin/Release/uGE" prefix_auto="1" extension_auto="1" />
				<Option object_output="obj/Release/" />
				<Option type="1" />
				<Option compiler="gcc" />
				<Compiler>
					<Add option="-O2" />
					<Add option="-Wall" />
					<Add directory="uGE" />
					<Add directory="uGE/Utils" />
					<Add directory="uGE/" />
					<Add directory="uGE/Managers" />
					<Add directory="uGE/GL" />
					<Add directory="uGE/Colliders" />
					<Add directory="uGE/Controllers" />
				</Compiler>
			</Target>
		</Build>
		<Compiler>
			<Add option="-std=c++0x" />
			<Add option="-Wall" />
			<Add option="-fexceptions" />
		</Compiler>
		<Linker>
			<Add library="opengl32" />
			<Add library="glew32" />
			<Add library="sfml-audio" />
			<Add library="sfml-graphics" />
			<Add library="sfml-window" />
			<Add library="sfml-system" />
		</Linker>
		<Unit filename="MyGame.cpp" />
		<Unit filename="MyGame.hpp" />
		<Unit filename="MyMenu.cpp" />
		<Unit filename="MyMenu.hpp" />
		<Unit filename="Shaders/basic.fs" />
		<Unit filename="Shaders/basic.vs" />
		<Unit filename="Shaders/bumpMapping.fs" />
		<Unit filename="Shaders/bumpMapping.vs" />
		<Unit filename="Shaders/diffuse.fs" />
		<Unit filename="Shaders/diffuse.vs" />
		<Unit filename="Shaders/phong.fs" />
		<Unit filename="Shaders/water.fs" />
		<Unit filename="main.cpp" />
		<Unit filename="uGE/Animation.cpp" />
		<Unit filename="uGE/Animation.hpp" />
		<Unit filename="uGE/AssetManager.cpp" />
		<Unit filename="uGE/AssetManager.hpp" />
		<Unit filename="uGE/Body.cpp" />
		<Unit filename="uGE/Body.hpp" />
		<Unit filename="uGE/Camera.cpp" />
		<Unit filename="uGE/Camera.hpp" />
		<Unit filename="uGE/Collider.cpp" />
		<Unit filename="uGE/Collider.hpp" />
		<Unit filename="uGE/Colliders/AABBcollision.cpp" />
		<Unit filename="uGE/Colliders/AABBcollision.hpp" />
		<Unit filename="uGE/Colliders/BoxCollider.cpp" />
		<Unit filename="uGE/Colliders/BoxCollider.hpp" />
		<Unit filename="uGE/Colliders/SphereCollider.cpp" />
		<Unit filename="uGE/Colliders/SphereCollider.hpp" />
		<Unit filename="uGE/CollisionDetection.cpp" />
		<Unit filename="uGE/CollisionDetection.hpp" />
		<Unit filename="uGE/Controller.cpp" />
		<Unit filename="uGE/Controller.hpp" />
		<Unit filename="uGE/Controllers/BulletController.cpp" />
		<Unit filename="uGE/Controllers/BulletController.hpp" />
		<Unit filename="uGE/Controllers/FollowController.cpp" />
		<Unit filename="uGE/Controllers/FollowController.hpp" />
		<Unit filename="uGE/Controllers/MenuController.cpp" />
		<Unit filename="uGE/Controllers/MenuController.hpp" />
		<Unit filename="uGE/Controllers/ParticleController.cpp" />
		<Unit filename="uGE/Controllers/ParticleController.hpp" />
		<Unit filename="uGE/Controllers/ParticleEmitterController.cpp" />
		<Unit filename="uGE/Controllers/ParticleEmitterController.hpp" />
		<Unit filename="uGE/Controllers/PlayerController.cpp" />
		<Unit filename="uGE/Controllers/PlayerController.hpp" />
		<Unit filename="uGE/Controllers/RotateController.cpp" />
		<Unit filename="uGE/Controllers/RotateController.hpp" />
		<Unit filename="uGE/Controllers/SpiritController.cpp" />
		<Unit filename="uGE/Controllers/SpiritController.hpp" />
		<Unit filename="uGE/Controllers/SpiritSpawnController.cpp" />
		<Unit filename="uGE/Controllers/SpiritSpawnController.hpp" />
		<Unit filename="uGE/Controllers/WasdController.cpp" />
		<Unit filename="uGE/Controllers/WasdController.hpp" />
		<Unit filename="uGE/Controllers/ZombieController.cpp" />
		<Unit filename="uGE/Controllers/ZombieController.hpp" />
		<Unit filename="uGE/Controllers/ZombieSpawnController.cpp" />
		<Unit filename="uGE/Controllers/ZombieSpawnController.hpp" />
		<Unit filename="uGE/Game.cpp" />
		<Unit filename="uGE/Game.hpp" />
		<Unit filename="uGE/GameObject.cpp" />
		<Unit filename="uGE/GameObject.hpp" />
		<Unit filename="uGE/Hud.cpp" />
		<Unit filename="uGE/Hud.hpp" />
		<Unit filename="uGE/LevelLoader.cpp" />
		<Unit filename="uGE/LevelLoader.hpp" />
		<Unit filename="uGE/Light.cpp" />
		<Unit filename="uGE/Light.hpp" />
		<Unit filename="uGE/Material.cpp" />
		<Unit filename="uGE/Material.hpp" />
		<Unit filename="uGE/Menu.cpp" />
		<Unit filename="uGE/Menu.hpp" />
		<Unit filename="uGE/MenuManager.cpp" />
		<Unit filename="uGE/MenuManager.hpp" />
		<Unit filename="uGE/Mesh.cpp" />
		<Unit filename="uGE/Mesh.hpp" />
		<Unit filename="uGE/Player.cpp" />
		<Unit filename="uGE/Player.hpp" />
		<Unit filename="uGE/Renderer.cpp" />
		<Unit filename="uGE/Renderer.hpp" />
		<Unit filename="uGE/SceneManager.cpp" />
		<Unit filename="uGE/SceneManager.hpp" />
		<Unit filename="uGE/Shader.cpp" />
		<Unit filename="uGE/Shader.hpp" />
		<Unit filename="uGE/SoundManager.cpp" />
		<Unit filename="uGE/SoundManager.hpp" />
		<Unit filename="uGE/Spirit.cpp" />
		<Unit filename="uGE/Spirit.hpp" />
		<Unit filename="uGE/Texture.cpp" />
		<Unit filename="uGE/Texture.hpp" />
		<Unit filename="uGE/Time.cpp" />
		<Unit filename="uGE/Time.hpp" />
		<Unit filename="uGE/Transform.cpp" />
		<Unit filename="uGE/Transform.hpp" />
		<Unit filename="uGE/Utils/FPS.cpp" />
		<Unit filename="uGE/Utils/FPS.hpp" />
		<Unit filename="uGE/Utils/Logger.cpp" />
		<Unit filename="uGE/Utils/Logger.h" />
		<Unit filename="uGE/Utils/glm.hpp" />
		<Unit filename="uGE/Utils/tinyxml2.cpp" />
		<Unit filename="uGE/Utils/tinyxml2.h" />
		<Unit filename="uGE/Vao.cpp" />
		<Unit filename="uGE/Vao.hpp" />
		<Unit filename="uGE/Viking.cpp" />
		<Unit filename="uGE/Viking.hpp" />
		<Unit filename="uGE/WinSequence.cpp" />
		<Unit filename="uGE/WinSequence.hpp" />
		<Unit filename="uGE/Zombie.cpp" />
		<Unit filename="uGE/Zombie.hpp" />
		<Extensions>
			<code_completion />
			<envvars />
			<debugger />
			<lib_finder disable_auto="1" />
		</Extensions>
	</Project>
</CodeBlocks_project_file>
